{
  "version": 4,
  "terraform_version": "1.5.6",
  "serial": 27,
  "lineage": "ad029695-5cbe-84b1-bb2d-65b953bcd88e",
  "outputs": {
    "tenant-aw": {
      "value": {
        "concurrent_users": 4,
        "created_at": "",
        "dicom_endpoint": "192.168.1.1:4242@AET1",
        "dns_endpoint": "",
        "ea_account_id": "3091120",
        "ea_service_ep": "eadicom_ep",
        "ea_vpc_ep": "",
        "ehs_cluster_id": "052856db-fe98-c194-c012-65350482926b",
        "id": "",
        "updated_at": ""
      },
      "type": [
        "object",
        {
          "concurrent_users": "number",
          "created_at": "string",
          "dicom_endpoint": "string",
          "dns_endpoint": "string",
          "ea_account_id": "string",
          "ea_service_ep": "string",
          "ea_vpc_ep": "string",
          "ehs_cluster_id": "string",
          "id": "string",
          "updated_at": "string"
        }
      ]
    },
    "tenant-ea": {
      "value": {
        "account_id": "3091120",
        "aet": "AET1",
        "created_at": "2023-10-07 23:28:35",
        "id": "bbb67b86-efe6-6cfa-5bf9-fd714c85a6a3",
        "ip_address": "192.168.1.1",
        "ip_port": "4242",
        "partition_space_tb": 15,
        "service_ep": "eadicom_ep",
        "updated_at": "2023-10-07 23:28:35"
      },
      "type": [
        "object",
        {
          "account_id": "string",
          "aet": "string",
          "created_at": "string",
          "id": "string",
          "ip_address": "string",
          "ip_port": "string",
          "partition_space_tb": "number",
          "service_ep": "string",
          "updated_at": "string"
        }
      ]
    },
    "tenant-ehs": {
      "value": {
        "api_server_endpoint": "https://5a4028bb2291be0fa29ab9717a8b9e92.gr7.us-east-1.eks.amazonaws.com/",
        "cluster_name": "uwm",
        "created_at": "2023-10-07 23:28:35",
        "id": "052856db-fe98-c194-c012-65350482926b",
        "profile": "medium",
        "region": "us-east-1",
        "release": "fenwood",
        "tag": "uwm",
        "updated_at": "2023-10-07 23:28:35",
        "vpc": "vpc-0c6aa52f85161d3cc"
      },
      "type": [
        "object",
        {
          "api_server_endpoint": "string",
          "cluster_name": "string",
          "created_at": "string",
          "id": "string",
          "profile": "string",
          "region": "string",
          "release": "string",
          "tag": "string",
          "updated_at": "string",
          "vpc": "string"
        }
      ]
    }
  },
  "resources": [
    {
      "mode": "managed",
      "type": "edison_av",
      "name": "tenant-av",
      "provider": "provider[\"hashicorp.com/edu/edison\"]",
      "instances": [
        {
          "schema_version": 0,
          "attributes": {
            "account_id": "309",
            "created_at": "2023-10-07 23:28:35",
            "id": "215cc4ce-43ee-856d-869d-9212adcb4d9c",
            "tenant_folder": "http://s3.amazonaws.com/av_bucket/uwm-01",
            "tenant_id": "uwm-01",
            "tenant_queue": "arn:aws:mq:us-east-1:uwm-01",
            "updated_at": "2023-10-07 23:28:35"
          },
          "sensitive_attributes": []
        }
      ]
    },
    {
      "mode": "managed",
      "type": "edison_aw",
      "name": "tenant-aw",
      "provider": "provider[\"hashicorp.com/edu/edison\"]",
      "instances": [
        {
          "schema_version": 0,
          "attributes": {
            "concurrent_users": 4,
            "created_at": "",
            "dicom_endpoint": "192.168.1.1:4242@AET1",
            "dns_endpoint": "",
            "ea_account_id": "3091120",
            "ea_service_ep": "eadicom_ep",
            "ea_vpc_ep": "",
            "ehs_cluster_id": "052856db-fe98-c194-c012-65350482926b",
            "id": "",
            "updated_at": ""
          },
          "sensitive_attributes": [],
          "dependencies": [
            "edison_av.tenant-av",
            "edison_eastore.tenant-ea",
            "edison_ehscluster.tenant-ehs"
          ]
        }
      ]
    },
    {
      "mode": "managed",
      "type": "edison_eastore",
      "name": "tenant-ea",
      "provider": "provider[\"hashicorp.com/edu/edison\"]",
      "instances": [
        {
          "schema_version": 0,
          "attributes": {
            "account_id": "3091120",
            "aet": "AET1",
            "created_at": "2023-10-07 23:28:35",
            "id": "bbb67b86-efe6-6cfa-5bf9-fd714c85a6a3",
            "ip_address": "192.168.1.1",
            "ip_port": "4242",
            "partition_space_tb": 15,
            "service_ep": "eadicom_ep",
            "updated_at": "2023-10-07 23:28:35"
          },
          "sensitive_attributes": []
        }
      ]
    },
    {
      "mode": "managed",
      "type": "edison_ehscluster",
      "name": "tenant-ehs",
      "provider": "provider[\"hashicorp.com/edu/edison\"]",
      "instances": [
        {
          "schema_version": 0,
          "attributes": {
            "api_server_endpoint": "https://5a4028bb2291be0fa29ab9717a8b9e92.gr7.us-east-1.eks.amazonaws.com/",
            "cluster_name": "uwm",
            "created_at": "2023-10-07 23:28:35",
            "id": "052856db-fe98-c194-c012-65350482926b",
            "profile": "medium",
            "region": "us-east-1",
            "release": "fenwood",
            "tag": "uwm",
            "updated_at": "2023-10-07 23:28:35",
            "vpc": "vpc-0c6aa52f85161d3cc"
          },
          "sensitive_attributes": [],
          "dependencies": [
            "edison_eastore.tenant-ea"
          ]
        }
      ]
    }
  ],
  "check_results": null
}
