{
  "version": 4,
  "terraform_version": "1.5.6",
  "serial": 12,
  "lineage": "7ba89955-6c42-b1bd-766b-14a55806c938",
  "outputs": {
    "uwm-ea": {
      "value": {
        "aet": "AET1",
        "created_at": "2023-09-07 16:23:34",
        "id": "9b143996-1fd5-8e6f-901d-b42e7c4088ed",
        "ip_address": "192.168.1.1",
        "ip_port": "4242",
        "partition_space_tb": 10,
        "updated_at": "2023-09-07 16:23:34"
      },
      "type": [
        "object",
        {
          "aet": "string",
          "created_at": "string",
          "id": "string",
          "ip_address": "string",
          "ip_port": "string",
          "partition_space_tb": "number",
          "updated_at": "string"
        }
      ]
    },
    "uwm-ehs": {
      "value": {
        "api_server_endpoint": "https://5a4028bb2291be0fa29ab9717a8b9e92.gr7.us-east-1.eks.amazonaws.com/",
        "cluster_name": "uwm",
        "created_at": "2023-09-07 16:23:34",
        "dicom_endpoint": "test",
        "id": "ed942e0c-1670-086c-7e68-299fee01ebe2",
        "profile": "medium",
        "region": "us-east-1",
        "release": "fenwood",
        "tag": "uwm",
        "updated_at": "2023-09-07 16:23:34",
        "vpc": "vpc-0c6aa52f85161d3cc"
      },
      "type": [
        "object",
        {
          "api_server_endpoint": "string",
          "cluster_name": "string",
          "created_at": "string",
          "dicom_endpoint": "string",
          "id": "string",
          "profile": "string",
          "region": "string",
          "release": "string",
          "tag": "string",
          "updated_at": "string",
          "vpc": "string"
        }
      ]
    }
  },
  "resources": [
    {
      "mode": "managed",
      "type": "edison_eastore",
      "name": "uwm-ea",
      "provider": "provider[\"hashicorp.com/edu/edison\"]",
      "instances": [
        {
          "schema_version": 0,
          "attributes": {
            "aet": "AET1",
            "created_at": "2023-09-07 16:23:34",
            "id": "9b143996-1fd5-8e6f-901d-b42e7c4088ed",
            "ip_address": "192.168.1.1",
            "ip_port": "4242",
            "partition_space_tb": 10,
            "updated_at": "2023-09-07 16:23:34"
          },
          "sensitive_attributes": []
        }
      ]
    },
    {
      "mode": "managed",
      "type": "edison_ehscluster",
      "name": "uwm-ehs",
      "provider": "provider[\"hashicorp.com/edu/edison\"]",
      "instances": [
        {
          "schema_version": 0,
          "attributes": {
            "api_server_endpoint": "https://5a4028bb2291be0fa29ab9717a8b9e92.gr7.us-east-1.eks.amazonaws.com/",
            "cluster_name": "uwm",
            "created_at": "2023-09-07 16:23:34",
            "dicom_endpoint": "test",
            "id": "ed942e0c-1670-086c-7e68-299fee01ebe2",
            "profile": "medium",
            "region": "us-east-1",
            "release": "fenwood",
            "tag": "uwm",
            "updated_at": "2023-09-07 16:23:34",
            "vpc": "vpc-0c6aa52f85161d3cc"
          },
          "sensitive_attributes": []
        }
      ]
    }
  ],
  "check_results": null
}
