{
  "version": 4,
  "terraform_version": "1.5.6",
  "serial": 2,
  "lineage": "d87c40cc-d9cf-4bce-963c-711dcc01ab8f",
  "outputs": {
    "uwm-ea": {
      "value": {
        "aet": "AET1",
        "created_at": "2023-09-07 15:50:26",
        "id": "98a5545a-7dad-7d76-df9e-69ccdd6aa63e",
        "ip_address": "192.168.1.1",
        "ip_port": "4242",
        "partition_space_tb": 11,
        "updated_at": "2023-09-07 15:50:26"
      },
      "type": [
        "object",
        {
          "aet": "string",
          "created_at": "string",
          "id": "string",
          "ip_address": "string",
          "ip_port": "string",
          "partition_space_tb": "number",
          "updated_at": "string"
        }
      ]
    }
  },
  "resources": [
    {
      "mode": "managed",
      "type": "edison_eastore",
      "name": "uwm-ea",
      "provider": "provider[\"hashicorp.com/edu/edison\"]",
      "instances": [
        {
          "schema_version": 0,
          "attributes": {
            "aet": "AET1",
            "created_at": "2023-09-07 15:50:26",
            "id": "98a5545a-7dad-7d76-df9e-69ccdd6aa63e",
            "ip_address": "192.168.1.1",
            "ip_port": "4242",
            "partition_space_tb": 11,
            "updated_at": "2023-09-07 15:50:26"
          },
          "sensitive_attributes": []
        }
      ]
    },
    {
      "mode": "managed",
      "type": "edison_ehscluster",
      "name": "uwm-ehs",
      "provider": "provider[\"hashicorp.com/edu/edison\"]",
      "instances": [
        {
          "status": "tainted",
          "schema_version": 0,
          "attributes": {
            "api_server_endpoint": "https://5a4028bb2291be0fa29ab9717a8b9e92.gr7.us-east-1.eks.amazonaws.com/",
            "cluster_name": null,
            "created_at": "2023-09-07 15:50:26",
            "dicom_endpoint": "test",
            "id": "85525e1d-c5b0-b7e1-3d60-7dd44575bafc",
            "profile": "medium",
            "region": "us-east-1",
            "release": "fenwood",
            "tag": "uwm",
            "updated_at": "2023-09-07 15:50:26",
            "vpc": "vpc-0c6aa52f85161d3cc"
          },
          "sensitive_attributes": []
        }
      ]
    }
  ],
  "check_results": null
}
